version = 1
revision = 1
requires-python = ">=3.13"

[[package]]
name = "llm-custom-template"
version = "0.1.0"
source = { virtual = "." }
dependencies = [
    { name = "mlx" },
    { name = "sentencepiece" },
]

[package.metadata]
requires-dist = [
    { name = "mlx", specifier = ">=0.27.1" },
    { name = "sentencepiece", specifier = ">=0.2.0" },
]

[[package]]
name = "mlx"
version = "0.27.1"
source = { registry = "https://pypi.org/simple" }
dependencies = [
    { name = "mlx-metal", marker = "sys_platform == 'darwin'" },
]
wheels = [
    { url = "https://files.pythonhosted.org/packages/86/f6/4324386b0764deb692e14a97282a348a9a938aa8b441bf8b6c7599f418d4/mlx-0.27.1-cp313-cp313-macosx_13_0_arm64.whl", hash = "sha256:803669a28031766c2b0fe94c0a3bfd030184e706092f0a831b33620c1e2ef865", size = 549847 },
    { url = "https://files.pythonhosted.org/packages/cf/4b/3194ccb03527a050c04d837d731a11599f8620e6ce16d3971798caae1d44/mlx-0.27.1-cp313-cp313-macosx_14_0_arm64.whl", hash = "sha256:e9649b3d86ce564000797384510c9d07af38a9ce2a07df8e2f7c6a3e0f0f059e", size = 531664 },
    { url = "https://files.pythonhosted.org/packages/cc/57/a6e0d8dc6e7ba08a64d71fb89d743e77446040113ea1dbb7950be8f60f39/mlx-0.27.1-cp313-cp313-macosx_15_0_arm64.whl", hash = "sha256:5c501ceec7c6aa2ea1c850dd4e14e679f5416a142264b9d5d405a4e0aeb991b2", size = 531663 },
    { url = "https://files.pythonhosted.org/packages/48/96/6932e0fa866d08cdf77a3fc37cf624e4cac8960d2e297c3fd80afb49417d/mlx-0.27.1-cp313-cp313-manylinux_2_35_x86_64.whl", hash = "sha256:42bfbabdcd0b7aa1c94748c8963e66680a3cf3f599b01036db14e496bf276eb8", size = 621609 },
]

[[package]]
name = "mlx-metal"
version = "0.27.1"
source = { registry = "https://pypi.org/simple" }
wheels = [
    { url = "https://files.pythonhosted.org/packages/8b/77/89fa3327011f018638c9e943e1edc081ce9ca0ed296fe64d6daf93c6ff51/mlx_metal-0.27.1-py3-none-macosx_13_0_arm64.whl", hash = "sha256:c66d9b1adb3c0ea19492fba6493f672bc7542e65dd65f7e2995918815fbeb907", size = 33523035 },
    { url = "https://files.pythonhosted.org/packages/d7/a8/ac706ad6ce834834762d5146d791f77710efc896c13ef47fd7d672099056/mlx_metal-0.27.1-py3-none-macosx_14_0_arm64.whl", hash = "sha256:fe4415ddd242974d91c7ca0699cd01507d17da8a5ba304122ef137cdb5e7fff4", size = 32926383 },
    { url = "https://files.pythonhosted.org/packages/78/77/6963681fb54ecaa0ae5de4209c15504a803a0edd1a33fd074e6c558fd5e0/mlx_metal-0.27.1-py3-none-macosx_15_0_arm64.whl", hash = "sha256:d025dea30bda8baa32c928cfa333eac64a5adc8d07656f8fc55072d99403ebc9", size = 32897065 },
]

[[package]]
name = "sentencepiece"
version = "0.2.0"
source = { registry = "https://pypi.org/simple" }
sdist = { url = "https://files.pythonhosted.org/packages/c9/d2/b9c7ca067c26d8ff085d252c89b5f69609ca93fb85a00ede95f4857865d4/sentencepiece-0.2.0.tar.gz", hash = "sha256:a52c19171daaf2e697dc6cbe67684e0fa341b1248966f6aebb541de654d15843", size = 2632106 }
